// !$*UTF8*$!
{
	archiveVersion = 1;
	classes = {
	};
	objectVersion = 48;
	objects = {

/* Begin PBXBuildFile section */
		CA73E010274DAD8DEE41FDD6 /* Pods_Documents_Issue.framework in Frameworks */ = {isa = PBXBuildFile; fileRef = 57698B439A82ECF1BD590C49 /* Pods_Documents_Issue.framework */; };
		E6146EB32044EC7900D5C617 /* AppDelegate.swift in Sources */ = {isa = PBXBuildFile; fileRef = E6146EB22044EC7900D5C617 /* AppDelegate.swift */; };
		E6146EB52044EC7900D5C617 /* ViewController.swift in Sources */ = {isa = PBXBuildFile; fileRef = E6146EB42044EC7900D5C617 /* ViewController.swift */; };
		E6146EB82044EC7900D5C617 /* Main.storyboard in Resources */ = {isa = PBXBuildFile; fileRef = E6146EB62044EC7900D5C617 /* Main.storyboard */; };
		E6146EBA2044EC7900D5C617 /* Assets.xcassets in Resources */ = {isa = PBXBuildFile; fileRef = E6146EB92044EC7900D5C617 /* Assets.xcassets */; };
		E6146EBD2044EC7900D5C617 /* LaunchScreen.storyboard in Resources */ = {isa = PBXBuildFile; fileRef = E6146EBB2044EC7900D5C617 /* LaunchScreen.storyboard */; };
		E6146EC52044ECAF00D5C617 /* GoogleService-Info.plist in Resources */ = {isa = PBXBuildFile; fileRef = E6146EC42044ECAF00D5C617 /* GoogleService-Info.plist */; };
/* End PBXBuildFile section */

/* Begin PBXFileReference section */
		0375A0C8A2C4038FD4E6040E /* Pods-Documents-Issue.release.xcconfig */ = {isa = PBXFileReference; includeInIndex = 1; lastKnownFileType = text.xcconfig; name = "Pods-Documents-Issue.release.xcconfig"; path = "Pods/Target Support Files/Pods-Documents-Issue/Pods-Documents-Issue.release.xcconfig"; sourceTree = "<group>"; };
		57698B439A82ECF1BD590C49 /* Pods_Documents_Issue.framework */ = {isa = PBXFileReference; explicitFileType = wrapper.framework; includeInIndex = 0; path = Pods_Documents_Issue.framework; sourceTree = BUILT_PRODUCTS_DIR; };
		8ED95DBCBFA4B67A744A4185 /* Pods-Documents-Issue.debug.xcconfig */ = {isa = PBXFileReference; includeInIndex = 1; lastKnownFileType = text.xcconfig; name = "Pods-Documents-Issue.debug.xcconfig"; path = "Pods/Target Support Files/Pods-Documents-Issue/Pods-Documents-Issue.debug.xcconfig"; sourceTree = "<group>"; };
		E6146EAF2044EC7900D5C617 /* Documents-Issue.app */ = {isa = PBXFileReference; explicitFileType = wrapper.application; includeInIndex = 0; path = "Documents-Issue.app"; sourceTree = BUILT_PRODUCTS_DIR; };
		E6146EB22044EC7900D5C617 /* AppDelegate.swift */ = {isa = PBXFileReference; lastKnownFileType = sourcecode.swift; path = AppDelegate.swift; sourceTree = "<group>"; };
		E6146EB42044EC7900D5C617 /* ViewController.swift */ = {isa = PBXFileReference; lastKnownFileType = sourcecode.swift; path = ViewController.swift; sourceTree = "<group>"; };
		E6146EB72044EC7900D5C617 /* Base */ = {isa = PBXFileReference; lastKnownFileType = file.storyboard; name = Base; path = Base.lproj/Main.storyboard; sourceTree = "<group>"; };
		E6146EB92044EC7900D5C617 /* Assets.xcassets */ = {isa = PBXFileReference; lastKnownFileType = folder.assetcatalog; path = Assets.xcassets; sourceTree = "<group>"; };
		E6146EBC2044EC7900D5C617 /* Base */ = {isa = PBXFileReference; lastKnownFileType = file.storyboard; name = Base; path = Base.lproj/LaunchScreen.storyboard; sourceTree = "<group>"; };
		E6146EBE2044EC7900D5C617 /* Info.plist */ = {isa = PBXFileReference; lastKnownFileType = text.plist.xml; path = Info.plist; sourceTree = "<group>"; };
		E6146EC42044ECAF00D5C617 /* GoogleService-Info.plist */ = {isa = PBXFileReference; fileEncoding = 4; lastKnownFileType = text.plist.xml; path = "GoogleService-Info.plist"; sourceTree = "<group>"; };
/* End PBXFileReference section */

/* Begin PBXFrameworksBuildPhase section */
		E6146EAC2044EC7900D5C617 /* Frameworks */ = {
			isa = PBXFrameworksBuildPhase;
			buildActionMask = 2147483647;
			files = (
				CA73E010274DAD8DEE41FDD6 /* Pods_Documents_Issue.framework in Frameworks */,
			);
			runOnlyForDeploymentPostprocessing = 0;
		};
/* End PBXFrameworksBuildPhase section */

/* Begin PBXGroup section */
		40E3CF8CE58DCA4A57C6BB92 /* Pods */ = {
			isa = PBXGroup;
			children = (
				8ED95DBCBFA4B67A744A4185 /* Pods-Documents-Issue.debug.xcconfig */,
				0375A0C8A2C4038FD4E6040E /* Pods-Documents-Issue.release.xcconfig */,
			);
			name = Pods;
			sourceTree = "<group>";
		};
		9B1EF424DCD93AF601552F22 /* Frameworks */ = {
			isa = PBXGroup;
			children = (
				57698B439A82ECF1BD590C49 /* Pods_Documents_Issue.framework */,
			);
			name = Frameworks;
			sourceTree = "<group>";
		};
		E6146EA62044EC7900D5C617 = {
			isa = PBXGroup;
			children = (
				E6146EB12044EC7900D5C617 /* Documents-Issue */,
				E6146EB02044EC7900D5C617 /* Products */,
				40E3CF8CE58DCA4A57C6BB92 /* Pods */,
				9B1EF424DCD93AF601552F22 /* Frameworks */,
			);
			sourceTree = "<group>";
		};
		E6146EB02044EC7900D5C617 /* Products */ = {
			isa = PBXGroup;
			children = (
				E6146EAF2044EC7900D5C617 /* Documents-Issue.app */,
			);
			name = Products;
			sourceTree = "<group>";
		};
		E6146EB12044EC7900D5C617 /* Documents-Issue */ = {
			isa = PBXGroup;
			children = (
				E6146EC42044ECAF00D5C617 /* GoogleService-Info.plist */,
				E6146EB22044EC7900D5C617 /* AppDelegate.swift */,
				E6146EB42044EC7900D5C617 /* ViewController.swift */,
				E6146EB62044EC7900D5C617 /* Main.storyboard */,
				E6146EB92044EC7900D5C617 /* Assets.xcassets */,
				E6146EBB2044EC7900D5C617 /* LaunchScreen.storyboard */,
				E6146EBE2044EC7900D5C617 /* Info.plist */,
			);
			path = "Documents-Issue";
			sourceTree = "<group>";
		};
/* End PBXGroup section */

/* Begin PBXNativeTarget section */
		E6146EAE2044EC7900D5C617 /* Documents-Issue */ = {
			isa = PBXNativeTarget;
			buildConfigurationList = E6146EC12044EC7900D5C617 /* Build configuration list for PBXNativeTarget "Documents-Issue" */;
			buildPhases = (
				8D963834E556CC7742E10550 /* [CP] Check Pods Manifest.lock */,
				E6146EAB2044EC7900D5C617 /* Sources */,
				E6146EAC2044EC7900D5C617 /* Frameworks */,
				E6146EAD2044EC7900D5C617 /* Resources */,
				8DBBDAB0B291FE7A09EB39B1 /* [CP] Embed Pods Frameworks */,
				538C15E3FAC71C74C7DC4C5E /* [CP] Copy Pods Resources */,
			);
			buildRules = (
			);
			dependencies = (
			);
			name = "Documents-Issue";
			productName = "Documents-Issue";
			productReference = E6146EAF2044EC7900D5C617 /* Documents-Issue.app */;
			productType = "com.apple.product-type.application";
		};
/* End PBXNativeTarget section */

/* Begin PBXProject section */
		E6146EA72044EC7900D5C617 /* Project object */ = {
			isa = PBXProject;
			attributes = {
				LastSwiftUpdateCheck = 0920;
				LastUpgradeCheck = 0920;
				ORGANIZATIONNAME = Ickrisrun;
				TargetAttributes = {
					E6146EAE2044EC7900D5C617 = {
						CreatedOnToolsVersion = 9.2;
						ProvisioningStyle = Automatic;
					};
				};
			};
			buildConfigurationList = E6146EAA2044EC7900D5C617 /* Build configuration list for PBXProject "Documents-Issue" */;
			compatibilityVersion = "Xcode 8.0";
			developmentRegion = en;
			hasScannedForEncodings = 0;
			knownRegions = (
				en,
				Base,
			);
			mainGroup = E6146EA62044EC7900D5C617;
			productRefGroup = E6146EB02044EC7900D5C617 /* Products */;
			projectDirPath = "";
			projectRoot = "";
			targets = (
				E6146EAE2044EC7900D5C617 /* Documents-Issue */,
			);
		};
/* End PBXProject section */

/* Begin PBXResourcesBuildPhase section */
		E6146EAD2044EC7900D5C617 /* Resources */ = {
			isa = PBXResourcesBuildPhase;
			buildActionMask = 2147483647;
			files = (
				E6146EBD2044EC7900D5C617 /* LaunchScreen.storyboard in Resources */,
				E6146EC52044ECAF00D5C617 /* GoogleService-Info.plist in Resources */,
				E6146EBA2044EC7900D5C617 /* Assets.xcassets in Resources */,
				E6146EB82044EC7900D5C617 /* Main.storyboard in Resources */,
			);
			runOnlyForDeploymentPostprocessing = 0;
		};
/* End PBXResourcesBuildPhase section */

/* Begin PBXShellScriptBuildPhase section */
		538C15E3FAC71C74C7DC4C5E /* [CP] Copy Pods Resources */ = {
			isa = PBXShellScriptBuildPhase;
			buildActionMask = 2147483647;
			files = (
			);
			inputPaths = (
			);
			name = "[CP] Copy Pods Resources";
			outputPaths = (
			);
			runOnlyForDeploymentPostprocessing = 0;
			shellPath = /bin/sh;
			shellScript = "\"${SRCROOT}/Pods/Target Support Files/Pods-Documents-Issue/Pods-Documents-Issue-resources.sh\"\n";
			showEnvVarsInLog = 0;
		};
		8D963834E556CC7742E10550 /* [CP] Check Pods Manifest.lock */ = {
			isa = PBXShellScriptBuildPhase;
			buildActionMask = 2147483647;
			files = (
			);
			inputPaths = (
				"${PODS_PODFILE_DIR_PATH}/Podfile.lock",
				"${PODS_ROOT}/Manifest.lock",
			);
			name = "[CP] Check Pods Manifest.lock";
			outputPaths = (
				"$(DERIVED_FILE_DIR)/Pods-Documents-Issue-checkManifestLockResult.txt",
			);
			runOnlyForDeploymentPostprocessing = 0;
			shellPath = /bin/sh;
			shellScript = "diff \"${PODS_PODFILE_DIR_PATH}/Podfile.lock\" \"${PODS_ROOT}/Manifest.lock\" > /dev/null\nif [ $? != 0 ] ; then\n    # print error to STDERR\n    echo \"error: The sandbox is not in sync with the Podfile.lock. Run 'pod install' or update your CocoaPods installation.\" >&2\n    exit 1\nfi\n# This output is used by Xcode 'outputs' to avoid re-running this script phase.\necho \"SUCCESS\" > \"${SCRIPT_OUTPUT_FILE_0}\"\n";
			showEnvVarsInLog = 0;
		};
		8DBBDAB0B291FE7A09EB39B1 /* [CP] Embed Pods Frameworks */ = {
			isa = PBXShellScriptBuildPhase;
			buildActionMask = 2147483647;
			files = (
			);
			inputPaths = (
				"${SRCROOT}/Pods/Target Support Files/Pods-Documents-Issue/Pods-Documents-Issue-frameworks.sh",
				"${BUILT_PRODUCTS_DIR}/BoringSSL/openssl.framework",
				"${BUILT_PRODUCTS_DIR}/GoogleToolboxForMac/GoogleToolboxForMac.framework",
				"${BUILT_PRODUCTS_DIR}/Protobuf/Protobuf.framework",
				"${BUILT_PRODUCTS_DIR}/gRPC/GRPCClient.framework",
				"${BUILT_PRODUCTS_DIR}/gRPC-Core/grpc.framework",
				"${BUILT_PRODUCTS_DIR}/gRPC-ProtoRPC/ProtoRPC.framework",
				"${BUILT_PRODUCTS_DIR}/gRPC-RxLibrary/RxLibrary.framework",
				"${BUILT_PRODUCTS_DIR}/leveldb-library/leveldb.framework",
				"${BUILT_PRODUCTS_DIR}/nanopb/nanopb.framework",
			);
			name = "[CP] Embed Pods Frameworks";
			outputPaths = (
				"${TARGET_BUILD_DIR}/${FRAMEWORKS_FOLDER_PATH}/openssl.framework",
				"${TARGET_BUILD_DIR}/${FRAMEWORKS_FOLDER_PATH}/GoogleToolboxForMac.framework",
				"${TARGET_BUILD_DIR}/${FRAMEWORKS_FOLDER_PATH}/Protobuf.framework",
				"${TARGET_BUILD_DIR}/${FRAMEWORKS_FOLDER_PATH}/GRPCClient.framework",
				"${TARGET_BUILD_DIR}/${FRAMEWORKS_FOLDER_PATH}/grpc.framework",
				"${TARGET_BUILD_DIR}/${FRAMEWORKS_FOLDER_PATH}/ProtoRPC.framework",
				"${TARGET_BUILD_DIR}/${FRAMEWORKS_FOLDER_PATH}/RxLibrary.framework",
				"${TARGET_BUILD_DIR}/${FRAMEWORKS_FOLDER_PATH}/leveldb.framework",
				"${TARGET_BUILD_DIR}/${FRAMEWORKS_FOLDER_PATH}/nanopb.framework",
			);
			runOnlyForDeploymentPostprocessing = 0;
			shellPath = /bin/sh;
			shellScript = "\"${SRCROOT}/Pods/Target Support Files/Pods-Documents-Issue/Pods-Documents-Issue-frameworks.sh\"\n";
			showEnvVarsInLog = 0;
		};
/* End PBXShellScriptBuildPhase section */

/* Begin PBXSourcesBuildPhase section */
		E6146EAB2044EC7900D5C617 /* Sources */ = {
			isa = PBXSourcesBuildPhase;
			buildActionMask = 2147483647;
			files = (
				E6146EB52044EC7900D5C617 /* ViewController.swift in Sources */,
				E6146EB32044EC7900D5C617 /* AppDelegate.swift in Sources */,
			);
			runOnlyForDeploymentPostprocessing = 0;
		};
/* End PBXSourcesBuildPhase section */

/* Begin PBXVariantGroup section */
		E6146EB62044EC7900D5C617 /* Main.storyboard */ = {
			isa = PBXVariantGroup;
			children = (
				E6146EB72044EC7900D5C617 /* Base */,
			);
			name = Main.storyboard;
			sourceTree = "<group>";
		};
		E6146EBB2044EC7900D5C617 /* LaunchScreen.storyboard */ = {
			isa = PBXVariantGroup;
			children = (
				E6146EBC2044EC7900D5C617 /* Base */,
			);
			name = LaunchScreen.storyboard;
			sourceTree = "<group>";
		};
/* End PBXVariantGroup section */

/* Begin XCBuildConfiguration section */
		E6146EBF2044EC7900D5C617 /* Debug */ = {
			isa = XCBuildConfiguration;
			buildSettings = {
				ALWAYS_SEARCH_USER_PATHS = NO;
				CLANG_ANALYZER_NONNULL = YES;
				CLANG_ANALYZER_NUMBER_OBJECT_CONVERSION = YES_AGGRESSIVE;
				CLANG_CXX_LANGUAGE_STANDARD = "gnu++14";
				CLANG_CXX_LIBRARY = "libc++";
				CLANG_ENABLE_MODULES = YES;
				CLANG_ENABLE_OBJC_ARC = YES;
				CLANG_WARN_BLOCK_CAPTURE_AUTORELEASING = YES;
				CLANG_WARN_BOOL_CONVERSION = YES;
				CLANG_WARN_COMMA = YES;
				CLANG_WARN_CONSTANT_CONVERSION = YES;
				CLANG_WARN_DIRECT_OBJC_ISA_USAGE = YES_ERROR;
				CLANG_WARN_DOCUMENTATION_COMMENTS = YES;
				CLANG_WARN_EMPTY_BODY = YES;
				CLANG_WARN_ENUM_CONVERSION = YES;
				CLANG_WARN_INFINITE_RECURSION = YES;
				CLANG_WARN_INT_CONVERSION = YES;
				CLANG_WARN_NON_LITERAL_NULL_CONVERSION = YES;
				CLANG_WARN_OBJC_LITERAL_CONVERSION = YES;
				CLANG_WARN_OBJC_ROOT_CLASS = YES_ERROR;
				CLANG_WARN_RANGE_LOOP_ANALYSIS = YES;
				CLANG_WARN_STRICT_PROTOTYPES = YES;
				CLANG_WARN_SUSPICIOUS_MOVE = YES;
				CLANG_WARN_UNGUARDED_AVAILABILITY = YES_AGGRESSIVE;
				CLANG_WARN_UNREACHABLE_CODE = YES;
				CLANG_WARN__DUPLICATE_METHOD_MATCH = YES;
				CODE_SIGN_IDENTITY = "iPhone Developer";
				COPY_PHASE_STRIP = NO;
				DEBUG_INFORMATION_FORMAT = dwarf;
				ENABLE_STRICT_OBJC_MSGSEND = YES;
				ENABLE_TESTABILITY = YES;
				GCC_C_LANGUAGE_STANDARD = gnu11;
				GCC_DYNAMIC_NO_PIC = NO;
				GCC_NO_COMMON_BLOCKS = YES;
				GCC_OPTIMIZATION_LEVEL = 0;
				GCC_PREPROCESSOR_DEFINITIONS = (
					"DEBUG=1",
					"$(inherited)",
				);
				GCC_WARN_64_TO_32_BIT_CONVERSION = YES;
				GCC_WARN_ABOUT_RETURN_TYPE = YES_ERROR;
				GCC_WARN_UNDECLARED_SELECTOR = YES;
				GCC_WARN_UNINITIALIZED_AUTOS = YES_AGGRESSIVE;
				GCC_WARN_UNUSED_FUNCTION = YES;
				GCC_WARN_UNUSED_VARIABLE = YES;
				IPHONEOS_DEPLOYMENT_TARGET = 11.2;
				MTL_ENABLE_DEBUG_INFO = YES;
				ONLY_ACTIVE_ARCH = YES;
				SDKROOT = iphoneos;
				SWIFT_ACTIVE_COMPILATION_CONDITIONS = DEBUG;
				SWIFT_OPTIMIZATION_LEVEL = "-Onone";
			};
			name = Debug;
		};
		E6146EC02044EC7900D5C617 /* Release */ = {
			isa = XCBuildConfiguration;
			buildSettings = {
				ALWAYS_SEARCH_USER_PATHS = NO;
				CLANG_ANALYZER_NONNULL = YES;
				CLANG_ANALYZER_NUMBER_OBJECT_CONVERSION = YES_AGGRESSIVE;
				CLANG_CXX_LANGUAGE_STANDARD = "gnu++14";
				CLANG_CXX_LIBRARY = "libc++";
				CLANG_ENABLE_MODULES = YES;
				CLANG_ENABLE_OBJC_ARC = YES;
				CLANG_WARN_BLOCK_CAPTURE_AUTORELEASING = YES;
				CLANG_WARN_BOOL_CONVERSION = YES;
				CLANG_WARN_COMMA = YES;
				CLANG_WARN_CONSTANT_CONVERSION = YES;
				CLANG_WARN_DIRECT_OBJC_ISA_USAGE = YES_ERROR;
				CLANG_WARN_DOCUMENTATION_COMMENTS = YES;
				CLANG_WARN_EMPTY_BODY = YES;
				CLANG_WARN_ENUM_CONVERSION = YES;
				CLANG_WARN_INFINITE_RECURSION = YES;
				CLANG_WARN_INT_CONVERSION = YES;
				CLANG_WARN_NON_LITERAL_NULL_CONVERSION = YES;
				CLANG_WARN_OBJC_LITERAL_CONVERSION = YES;
				CLANG_WARN_OBJC_ROOT_CLASS = YES_ERROR;
				CLANG_WARN_RANGE_LOOP_ANALYSIS = YES;
				CLANG_WARN_STRICT_PROTOTYPES = YES;
				CLANG_WARN_SUSPICIOUS_MOVE = YES;
				CLANG_WARN_UNGUARDED_AVAILABILITY = YES_AGGRESSIVE;
				CLANG_WARN_UNREACHABLE_CODE = YES;
				CLANG_WARN__DUPLICATE_METHOD_MATCH = YES;
				CODE_SIGN_IDENTITY = "iPhone Developer";
				COPY_PHASE_STRIP = NO;
				DEBUG_INFORMATION_FORMAT = "dwarf-with-dsym";
				ENABLE_NS_ASSERTIONS = NO;
				ENABLE_STRICT_OBJC_MSGSEND = YES;
				GCC_C_LANGUAGE_STANDARD = gnu11;
				GCC_NO_COMMON_BLOCKS = YES;
				GCC_WARN_64_TO_32_BIT_CONVERSION = YES;
				GCC_WARN_ABOUT_RETURN_TYPE = YES_ERROR;
				GCC_WARN_UNDECLARED_SELECTOR = YES;
				GCC_WARN_UNINITIALIZED_AUTOS = YES_AGGRESSIVE;
				GCC_WARN_UNUSED_FUNCTION = YES;
				GCC_WARN_UNUSED_VARIABLE = YES;
				IPHONEOS_DEPLOYMENT_TARGET = 11.2;
				MTL_ENABLE_DEBUG_INFO = NO;
				SDKROOT = iphoneos;
				SWIFT_OPTIMIZATION_LEVEL = "-Owholemodule";
				VALIDATE_PRODUCT = YES;
			};
			name = Release;
		};
		E6146EC22044EC7900D5C617 /* Debug */ = {
			isa = XCBuildConfiguration;
			baseConfigurationReference = 8ED95DBCBFA4B67A744A4185 /* Pods-Documents-Issue.debug.xcconfig */;
			buildSettings = {
				ASSETCATALOG_COMPILER_APPICON_NAME = AppIcon;
				CODE_SIGN_STYLE = Automatic;
				DEVELOPMENT_TEAM = 77R7374H4V;
				INFOPLIST_FILE = "Documents-Issue/Info.plist";
				LD_RUNPATH_SEARCH_PATHS = "$(inherited) @executable_path/Frameworks";
				PRODUCT_BUNDLE_IDENTIFIER = "co.ickrisrun.Documents-Issue";
				PRODUCT_NAME = "$(TARGET_NAME)";
				SWIFT_VERSION = 4.0;
				TARGETED_DEVICE_FAMILY = "1,2";
			};
			name = Debug;
		};
		E6146EC32044EC7900D5C617 /* Release */ = {
			isa = XCBuildConfiguration;
			baseConfigurationReference = 0375A0C8A2C4038FD4E6040E /* Pods-Documents-Issue.release.xcconfig */;
			buildSettings = {
				ASSETCATALOG_COMPILER_APPICON_NAME = AppIcon;
				CODE_SIGN_STYLE = Automatic;
				DEVELOPMENT_TEAM = 77R7374H4V;
				INFOPLIST_FILE = "Documents-Issue/Info.plist";
				LD_RUNPATH_SEARCH_PATHS = "$(inherited) @executable_path/Frameworks";
				PRODUCT_BUNDLE_IDENTIFIER = "co.ickrisrun.Documents-Issue";
				PRODUCT_NAME = "$(TARGET_NAME)";
				SWIFT_VERSION = 4.0;
				TARGETED_DEVICE_FAMILY = "1,2";
			};
			name = Release;
		};
/* End XCBuildConfiguration section */

/* Begin XCConfigurationList section */
		E6146EAA2044EC7900D5C617 /* Build configuration list for PBXProject "Documents-Issue" */ = {
			isa = XCConfigurationList;
			buildConfigurations = (
				E6146EBF2044EC7900D5C617 /* Debug */,
				E6146EC02044EC7900D5C617 /* Release */,
			);
			defaultConfigurationIsVisible = 0;
			defaultConfigurationName = Release;
		};
		E6146EC12044EC7900D5C617 /* Build configuration list for PBXNativeTarget "Documents-Issue" */ = {
			isa = XCConfigurationList;
			buildConfigurations = (
				E6146EC22044EC7900D5C617 /* Debug */,
				E6146EC32044EC7900D5C617 /* Release */,
			);
			defaultConfigurationIsVisible = 0;
			defaultConfigurationName = Release;
		};
/* End XCConfigurationList section */
	};
	rootObject = E6146EA72044EC7900D5C617 /* Project object */;
}
